
Microsoft Visual Studio Solution File, Format Version 12.00
# Visual Studio Version 16
VisualStudioVersion = 16.0.30323.103
MinimumVisualStudioVersion = 10.0.40219.1
Project("{FAE04EC0-301F-11D3-BF4B-00C04F79EFBC}") = "Restaurant Reservation System", "Restaurant Reservation System\Restaurant Reservation System.csproj", "{8241C397-E26A-4B3E-BD41-70B35EA6EB3D}"
EndProject
Project("{FAE04EC0-301F-11D3-BF4B-00C04F79EFBC}") = "Framework", "Framework\Framework.csproj", "{48544AD3-3FD5-42BD-BE46-39CB74043C25}"
EndProject
Global
	GlobalSection(SolutionConfigurationPlatforms) = preSolution
		Debug|Any CPU = Debug|Any CPU
		Release|Any CPU = Release|Any CPU
	EndGlobalSection
	GlobalSection(ProjectConfigurationPlatforms) = postSolution
		{8241C397-E26A-4B3E-BD41-70B35EA6EB3D}.Debug|Any CPU.ActiveCfg = Debug|Any CPU
		{8241C397-E26A-4B3E-BD41-70B35EA6EB3D}.Debug|Any CPU.Build.0 = Debug|Any CPU
		{8241C397-E26A-4B3E-BD41-70B35EA6EB3D}.Release|Any CPU.ActiveCfg = Release|Any CPU
		{8241C397-E26A-4B3E-BD41-70B35EA6EB3D}.Release|Any CPU.Build.0 = Release|Any CPU
		{48544AD3-3FD5-42BD-BE46-39CB74043C25}.Debug|Any CPU.ActiveCfg = Debug|Any CPU
		{48544AD3-3FD5-42BD-BE46-39CB74043C25}.Debug|Any CPU.Build.0 = Debug|Any CPU
		{48544AD3-3FD5-42BD-BE46-39CB74043C25}.Release|Any CPU.ActiveCfg = Release|Any CPU
		{48544AD3-3FD5-42BD-BE46-39CB74043C25}.Release|Any CPU.Build.0 = Release|Any CPU
	EndGlobalSection
	GlobalSection(SolutionProperties) = preSolution
		HideSolutionNode = FALSE
	EndGlobalSection
	GlobalSection(ExtensibilityGlobals) = postSolution
		SolutionGuid = {ED7B1EF2-BF1C-416A-9F08-119DB477252C}
	EndGlobalSection
EndGlobal
